<Solution>
  <Folder Name="/Product/">
    <Project Path="src/Product/DigitalBrain.Product.Contracts/DigitalBrain.Product.Contracts.csproj" />
  </Folder>
  <Folder Name="/Modules/" />
  <Folder Name="/Modules/Behaviors/">
    <Project Path="src/Kernel/DigitalBrain.Scripting/DigitalBrain.Scripting.csproj" />
  </Folder>
  <Folder Name="/Modules/AI/">
    <Project Path="src/Modules/AI/AI/DigitalBrain.Modules.AI.csproj" />
    <Project Path="src/Modules/AI/Aspire.Hosting/DigitalBrain.Modules.AI.Aspire.Hosting.csproj" />
    <Project Path="src/Modules/AI/Contracts/DigitalBrain.Modules.AI.Contracts.csproj" />
    <Project Path="src/Modules/AI/Sdk/DigitalBrain.Modules.AI.Sdk.csproj" />
  </Folder>
  <Folder Name="/Modules/Memory/">
    <Project Path="src/Modules/Memory/Aspire.Hosting/DigitalBrain.Modules.Memory.Aspire.Hosting.csproj" />
    <Project Path="src/Modules/Memory/Contracts/DigitalBrain.Modules.Memory.Contracts.csproj" />
    <Project Path="src/Modules/Memory/Memory/DigitalBrain.Modules.Memory.csproj" />
  </Folder>
  <Folder Name="/Modules/UI/">
    <Project Path="src/Modules/UI/DigitalBrain.Modules.UI.Aspire.Hosting/DigitalBrain.Modules.UI.Aspire.Hosting.csproj" />
    <Project Path="src/Modules/UI/DigitalBrain.Modules.UI.Contracts/DigitalBrain.Modules.UI.Contracts.csproj" />
    <Project Path="src/Modules/UI/DigitalBrain.Modules.UI/DigitalBrain.Modules.UI.csproj" />
  </Folder>
  <Folder Name="/Modules/Time/">
    <Project Path="src/Modules/Time/Contracts/DigitalBrain.Modules.Time.Contracts.csproj" />
    <Project Path="src/Modules/Time/Time/DigitalBrain.Modules.Time.csproj" />
  </Folder>
  <Folder Name="/Modules/DigitalBrain/">
    <Project Path="src/Aspire/DigitalBrain.Aspire.Hosting/DigitalBrain.Aspire.Hosting.csproj" />
    <Project Path="src/Aspire/DigitalBrain.Aspire/DigitalBrain.Aspire.csproj" />
    <Project Path="src/Aspire/DigitalBrain.ServiceDefaults/DigitalBrain.ServiceDefaults.csproj" />
    <Project Path="src/Kernel/DigitalBrain.Contracts/DigitalBrain.Contracts.csproj" />
    <Project Path="src/Kernel/DigitalBrain.Sdk/DigitalBrain.Sdk.csproj" />
    <Project Path="src/Kernel/DigitalBrain/DigitalBrain.csproj" />
  </Folder>
  <Folder Name="/Modules/Execution/">
    <Project Path="src/Modules/Execution/Contracts/DigitalBrain.Modules.Execution.Contracts.csproj" />
    <Project Path="src/Modules/Execution/Execution/DigitalBrain.Modules.Execution.csproj" />
  </Folder>
  <Folder Name="/Solution Items/">
    <File Path=".editorconfig" />
    <File Path="Directory.Packages.props" />
  </Folder>
  <Folder Name="/Testing/">
    <Project Path="src/Testing/DigitalBrain.Testing.E2E/DigitalBrain.Testing.E2E.csproj" />
    <Project Path="src/Testing/DigitalBrain.Testing/DigitalBrain.Testing.csproj" />
  </Folder>
  <Folder Name="/Tests/">
    <Project Path="tests/DigitalBrain.Authoring.Tests/DigitalBrain.Authoring.Tests.csproj" />
    <Project Path="tests/DigitalBrain.Substrate.Tests/DigitalBrain.Substrate.Tests.csproj" />
  </Folder>
  <Project Path="src/Aspire/DigitalBrain.AppHost/DigitalBrain.AppHost.csproj" />
  <Project Path="src/Kernel/DigitalBrain.Mcp/DigitalBrain.Mcp.csproj" />
  <Project Path="src/Kernel/DigitalBrain.Silo/DigitalBrain.Silo.csproj" />
</Solution>
